{
  "name": "@liquid-labs/liq-cli",
  "version": "1.0.0-prototype.15",
  "lockfileVersion": 2,
  "requires": true,
  "packages": {
    "": {
      "name": "@liquid-labs/liq-cli",
      "version": "1.0.0-prototype.15",
      "hasInstallScript": true,
      "license": "ISC",
      "bin": {
        "liq": "dist/liq.sh",
        "liq-shell": "dist/liq-shell.sh"
      },
      "devDependencies": {
        "@liquid-labs/bash-rollup": "^1.0.0-alpha.3",
        "@liquid-labs/bash-toolkit": "^1.0.0-alpha.43"
      }
    },
    "node_modules/@liquid-labs/bash-rollup": {
      "version": "1.0.0-alpha.3",
      "resolved": "https://registry.npmjs.org/@liquid-labs/bash-rollup/-/bash-rollup-1.0.0-alpha.3.tgz",
      "integrity": "sha512-vnUrqPWz9LjqHYh18fqhJF2uBTRMB8ilk77qMcvGVIoUFkOkKB1hLfALCEwAl9fJA/EGUmFQFN8Rz60kIv1hww==",
      "dev": true,
      "bin": {
        "bash-rollup": "dist/bash-rollup.sh"
      }
    },
    "node_modules/@liquid-labs/bash-toolkit": {
      "version": "1.0.0-alpha.43",
      "resolved": "https://registry.npmjs.org/@liquid-labs/bash-toolkit/-/bash-toolkit-1.0.0-alpha.43.tgz",
      "integrity": "sha512-Ys3dpTzyaiZnPohdI8VZqVwjmCHQ66962i+8pgK+awT2fJdSnUhJuGtyxm/M4IstuVm+z17ljWVVHylwuwnp8A==",
      "dev": true
    }
  },
  "dependencies": {
    "@liquid-labs/bash-rollup": {
      "version": "1.0.0-alpha.3",
      "resolved": "https://registry.npmjs.org/@liquid-labs/bash-rollup/-/bash-rollup-1.0.0-alpha.3.tgz",
      "integrity": "sha512-vnUrqPWz9LjqHYh18fqhJF2uBTRMB8ilk77qMcvGVIoUFkOkKB1hLfALCEwAl9fJA/EGUmFQFN8Rz60kIv1hww==",
      "dev": true
    },
    "@liquid-labs/bash-toolkit": {
      "version": "1.0.0-alpha.43",
      "resolved": "https://registry.npmjs.org/@liquid-labs/bash-toolkit/-/bash-toolkit-1.0.0-alpha.43.tgz",
      "integrity": "sha512-Ys3dpTzyaiZnPohdI8VZqVwjmCHQ66962i+8pgK+awT2fJdSnUhJuGtyxm/M4IstuVm+z17ljWVVHylwuwnp8A==",
      "dev": true
    }
  }
}
