{
  "name": "@liquid-labs/liq-cli",
  "version": "1.0.0-prototype.15",
  "lockfileVersion": 2,
  "requires": true,
  "packages": {
    "": {
      "name": "@liquid-labs/liq-cli",
      "version": "1.0.0-prototype.15",
      "hasInstallScript": true,
      "license": "ISC",
      "bin": {
        "liq": "dist/liq.sh",
        "liq-shell": "dist/liq-shell.sh"
      },
      "devDependencies": {
        "@liquid-labs/bash-rollup": "^1.0.0-alpha.4",
        "@liquid-labs/bash-toolkit": "^1.0.0-alpha.52"
      }
    },
    "node_modules/@liquid-labs/bash-rollup": {
      "version": "1.0.0-alpha.5",
      "resolved": "https://registry.npmjs.org/@liquid-labs/bash-rollup/-/bash-rollup-1.0.0-alpha.5.tgz",
      "integrity": "sha512-2ER9MSY4h9LTVh9+QUfzv7gkQQqpS/KGx8YqyjHwz21Qd0QNH4GOMcGkchaEvpJspgCRtUqGDhoBzroVw1CJCA==",
      "dev": true,
      "bin": {
        "bash-rollup": "dist/bash-rollup.sh"
      }
    },
    "node_modules/@liquid-labs/bash-toolkit": {
      "version": "1.0.0-alpha.52",
      "resolved": "https://registry.npmjs.org/@liquid-labs/bash-toolkit/-/bash-toolkit-1.0.0-alpha.52.tgz",
      "integrity": "sha512-Dkp1vYA9jTh7/FAGQ7KJPKmhl+leH1+eGaVCEXHu4uuATO+6Wq75YlJQtv8eFqUrWWxP3Q/wTSONFaLi8ARSXQ==",
      "dev": true
    }
  },
  "dependencies": {
    "@liquid-labs/bash-rollup": {
      "version": "1.0.0-alpha.5",
      "resolved": "https://registry.npmjs.org/@liquid-labs/bash-rollup/-/bash-rollup-1.0.0-alpha.5.tgz",
      "integrity": "sha512-2ER9MSY4h9LTVh9+QUfzv7gkQQqpS/KGx8YqyjHwz21Qd0QNH4GOMcGkchaEvpJspgCRtUqGDhoBzroVw1CJCA==",
      "dev": true
    },
    "@liquid-labs/bash-toolkit": {
      "version": "1.0.0-alpha.52",
      "resolved": "https://registry.npmjs.org/@liquid-labs/bash-toolkit/-/bash-toolkit-1.0.0-alpha.52.tgz",
      "integrity": "sha512-Dkp1vYA9jTh7/FAGQ7KJPKmhl+leH1+eGaVCEXHu4uuATO+6Wq75YlJQtv8eFqUrWWxP3Q/wTSONFaLi8ARSXQ==",
      "dev": true
    }
  }
}
