{
  "name": "@liquid-labs/liq-cli",
  "version": "1.0.0-prototype.15",
  "lockfileVersion": 2,
  "requires": true,
  "packages": {
    "": {
      "name": "@liquid-labs/liq-cli",
      "version": "1.0.0-prototype.15",
      "hasInstallScript": true,
      "license": "ISC",
      "bin": {
        "liq": "dist/liq.sh",
        "liq-shell": "dist/liq-shell.sh"
      },
      "devDependencies": {
        "@liquid-labs/bash-toolkit": "^1.0.0-alpha.42"
      }
    },
    "node_modules/@liquid-labs/bash-toolkit": {
      "version": "1.0.0-alpha.42",
      "resolved": "https://registry.npmjs.org/@liquid-labs/bash-toolkit/-/bash-toolkit-1.0.0-alpha.42.tgz",
      "integrity": "sha512-ldEPz44CALsGh+FAbKY1K5n6s3L59YhqNGixpbfYBAzIKC3rCrCTjPUKFs/mGbl6aspE09RMTERIsH2Y0hgcWw==",
      "dev": true,
      "bin": {
        "rollup-bash": "dist/rollup-bash.sh"
      }
    }
  },
  "dependencies": {
    "@liquid-labs/bash-toolkit": {
      "version": "1.0.0-alpha.42",
      "resolved": "https://registry.npmjs.org/@liquid-labs/bash-toolkit/-/bash-toolkit-1.0.0-alpha.42.tgz",
      "integrity": "sha512-ldEPz44CALsGh+FAbKY1K5n6s3L59YhqNGixpbfYBAzIKC3rCrCTjPUKFs/mGbl6aspE09RMTERIsH2Y0hgcWw==",
      "dev": true
    }
  }
}
